{
  "name": "contracts",
  "version": "1.0.0",
  "lockfileVersion": 3,
  "requires": true,
  "packages": {
    "": {
      "name": "contracts",
      "version": "1.0.0",
      "license": "ISC",
      "dependencies": {
        "solmate": "github:transmissions11/solmate"
      }
    },
    "node_modules/solmate": {
      "version": "6.8.0",
      "resolved": "git+ssh://git@github.com/transmissions11/solmate.git#c93f7716c9909175d45f6ef80a34a650e2d24e56",
      "license": "AGPL-3.0-only"
    }
  }
}
